
Microsoft Visual Studio Solution File, Format Version 12.00
Project("{FAE04EC0-301F-11D3-BF4B-00C04F79EFBC}") = "ducker.Core", "ducker.Core\ducker.Core.csproj", "{DAC1A334-146D-4230-A2AD-3C6219C1F62F}"
EndProject
Global
	GlobalSection(SolutionConfigurationPlatforms) = preSolution
		Debug|Any CPU = Debug|Any CPU
		Release|Any CPU = Release|Any CPU
	EndGlobalSection
	GlobalSection(ProjectConfigurationPlatforms) = postSolution
		{DAC1A334-146D-4230-A2AD-3C6219C1F62F}.Debug|Any CPU.ActiveCfg = Debug|Any CPU
		{DAC1A334-146D-4230-A2AD-3C6219C1F62F}.Debug|Any CPU.Build.0 = Debug|Any CPU
		{DAC1A334-146D-4230-A2AD-3C6219C1F62F}.Release|Any CPU.ActiveCfg = Release|Any CPU
		{DAC1A334-146D-4230-A2AD-3C6219C1F62F}.Release|Any CPU.Build.0 = Release|Any CPU
	EndGlobalSection
EndGlobal
